
Microsoft Visual Studio Solution File, Format Version 12.00
# Visual Studio Version 17
VisualStudioVersion = 17.8.34309.116
MinimumVisualStudioVersion = 10.0.40219.1
Project("{FAE04EC0-301F-11D3-BF4B-00C04F79EFBC}") = "BlazorRenderPart2", "BlazorRenderPart2\BlazorRenderPart2\BlazorRenderPart2.csproj", "{67BD6C83-C76E-4BA0-BFB0-25FBAB5ADAE4}"
EndProject
Project("{FAE04EC0-301F-11D3-BF4B-00C04F79EFBC}") = "BlazorRenderPart2.Client", "BlazorRenderPart2\BlazorRenderPart2.Client\BlazorRenderPart2.Client.csproj", "{0FF155FD-91E5-4F5A-964E-0BE631D39FFC}"
EndProject
Global
	GlobalSection(SolutionConfigurationPlatforms) = preSolution
		Debug|Any CPU = Debug|Any CPU
		Release|Any CPU = Release|Any CPU
	EndGlobalSection
	GlobalSection(ProjectConfigurationPlatforms) = postSolution
		{67BD6C83-C76E-4BA0-BFB0-25FBAB5ADAE4}.Debug|Any CPU.ActiveCfg = Debug|Any CPU
		{67BD6C83-C76E-4BA0-BFB0-25FBAB5ADAE4}.Debug|Any CPU.Build.0 = Debug|Any CPU
		{67BD6C83-C76E-4BA0-BFB0-25FBAB5ADAE4}.Release|Any CPU.ActiveCfg = Release|Any CPU
		{67BD6C83-C76E-4BA0-BFB0-25FBAB5ADAE4}.Release|Any CPU.Build.0 = Release|Any CPU
		{0FF155FD-91E5-4F5A-964E-0BE631D39FFC}.Debug|Any CPU.ActiveCfg = Debug|Any CPU
		{0FF155FD-91E5-4F5A-964E-0BE631D39FFC}.Debug|Any CPU.Build.0 = Debug|Any CPU
		{0FF155FD-91E5-4F5A-964E-0BE631D39FFC}.Release|Any CPU.ActiveCfg = Release|Any CPU
		{0FF155FD-91E5-4F5A-964E-0BE631D39FFC}.Release|Any CPU.Build.0 = Release|Any CPU
	EndGlobalSection
	GlobalSection(SolutionProperties) = preSolution
		HideSolutionNode = FALSE
	EndGlobalSection
	GlobalSection(ExtensibilityGlobals) = postSolution
		SolutionGuid = {45F4BA69-E35C-4D73-8526-AFB51527EC33}
	EndGlobalSection
EndGlobal
